
Microsoft Visual Studio Solution File, Format Version 12.00
# Visual Studio Version 16
VisualStudioVersion = 16.0.32428.217
MinimumVisualStudioVersion = 10.0.40219.1
Project("{9A19103F-16F7-4668-BE54-9A1E7A4F7556}") = "nextapp", "nextapp.csproj", "{108A3A61-EC7D-45ED-A1EC-606E29993A76}"
EndProject
Global
	GlobalSection(SolutionConfigurationPlatforms) = preSolution
		Debug|Any CPU = Debug|Any CPU
		Release|Any CPU = Release|Any CPU
	EndGlobalSection
	GlobalSection(ProjectConfigurationPlatforms) = postSolution
		{108A3A61-EC7D-45ED-A1EC-606E29993A76}.Debug|Any CPU.ActiveCfg = Debug|Any CPU
		{108A3A61-EC7D-45ED-A1EC-606E29993A76}.Debug|Any CPU.Build.0 = Debug|Any CPU
		{108A3A61-EC7D-45ED-A1EC-606E29993A76}.Release|Any CPU.ActiveCfg = Release|Any CPU
		{108A3A61-EC7D-45ED-A1EC-606E29993A76}.Release|Any CPU.Build.0 = Release|Any CPU
	EndGlobalSection
	GlobalSection(SolutionProperties) = preSolution
		HideSolutionNode = FALSE
	EndGlobalSection
	GlobalSection(ExtensibilityGlobals) = postSolution
		SolutionGuid = {41608E8A-0512-42B8-9E2B-8734EE75E2FA}
	EndGlobalSection
EndGlobal
